
Microsoft Visual Studio Solution File, Format Version 12.00
# Visual Studio 15
VisualStudioVersion = 15.0.27703.2000
MinimumVisualStudioVersion = 10.0.40219.1
Project("{FAE04EC0-301F-11D3-BF4B-00C04F79EFBC}") = "Kbonacci", "Kbonacci\Kbonacci.csproj", "{8EF21AED-E9D9-4C8E-AFEA-0E1312BC156C}"
EndProject
Project("{FAE04EC0-301F-11D3-BF4B-00C04F79EFBC}") = "Kbonacci.Tests", "Kbonacci.Tests2\Kbonacci.Tests.csproj", "{A866663D-AB3F-429C-A4B2-1E72D5CEAABF}"
EndProject
Global
	GlobalSection(SolutionConfigurationPlatforms) = preSolution
		Debug|Any CPU = Debug|Any CPU
		Release|Any CPU = Release|Any CPU
	EndGlobalSection
	GlobalSection(ProjectConfigurationPlatforms) = postSolution
		{8EF21AED-E9D9-4C8E-AFEA-0E1312BC156C}.Debug|Any CPU.ActiveCfg = Debug|Any CPU
		{8EF21AED-E9D9-4C8E-AFEA-0E1312BC156C}.Debug|Any CPU.Build.0 = Debug|Any CPU
		{8EF21AED-E9D9-4C8E-AFEA-0E1312BC156C}.Release|Any CPU.ActiveCfg = Release|Any CPU
		{8EF21AED-E9D9-4C8E-AFEA-0E1312BC156C}.Release|Any CPU.Build.0 = Release|Any CPU
		{A866663D-AB3F-429C-A4B2-1E72D5CEAABF}.Debug|Any CPU.ActiveCfg = Debug|Any CPU
		{A866663D-AB3F-429C-A4B2-1E72D5CEAABF}.Debug|Any CPU.Build.0 = Debug|Any CPU
		{A866663D-AB3F-429C-A4B2-1E72D5CEAABF}.Release|Any CPU.ActiveCfg = Release|Any CPU
		{A866663D-AB3F-429C-A4B2-1E72D5CEAABF}.Release|Any CPU.Build.0 = Release|Any CPU
	EndGlobalSection
	GlobalSection(SolutionProperties) = preSolution
		HideSolutionNode = FALSE
	EndGlobalSection
	GlobalSection(ExtensibilityGlobals) = postSolution
		SolutionGuid = {185EEAE4-E07C-48A9-90A5-27580A876CD3}
	EndGlobalSection
EndGlobal
